// !$*UTF8*$!
{
	archiveVersion = 1;
	classes = {
	};
	objectVersion = 77;
	objects = {

/* Begin PBXBuildFile section */
		B76F97432ED0C196003340D6 /* FirebaseAnalytics in Frameworks */ = {isa = PBXBuildFile; productRef = B76F97422ED0C196003340D6 /* FirebaseAnalytics */; };
		B76F97452ED0C196003340D6 /* FirebaseAuth in Frameworks */ = {isa = PBXBuildFile; productRef = B76F97442ED0C196003340D6 /* FirebaseAuth */; };
		B76F97472ED0C196003340D6 /* FirebaseCrashlytics in Frameworks */ = {isa = PBXBuildFile; productRef = B76F97462ED0C196003340D6 /* FirebaseCrashlytics */; };
		B76F97492ED0C196003340D6 /* FirebaseFirestore in Frameworks */ = {isa = PBXBuildFile; productRef = B76F97482ED0C196003340D6 /* FirebaseFirestore */; };
		B76F974B2ED0C196003340D6 /* FirebaseMessaging in Frameworks */ = {isa = PBXBuildFile; productRef = B76F974A2ED0C196003340D6 /* FirebaseMessaging */; };
		B76F974E2ED0C3D8003340D6 /* Swinject in Frameworks */ = {isa = PBXBuildFile; productRef = B76F974D2ED0C3D8003340D6 /* Swinject */; };
/* End PBXBuildFile section */

/* Begin PBXFileReference section */
		EA59C4812ECA643A00BA0496 /* KJOMindCare.app */ = {isa = PBXFileReference; explicitFileType = wrapper.application; includeInIndex = 0; path = KJOMindCare.app; sourceTree = BUILT_PRODUCTS_DIR; };
/* End PBXFileReference section */

/* Begin PBXFileSystemSynchronizedBuildFileExceptionSet section */
		EA59C4F02ECA796E00BA0496 /* Exceptions for "KJOMindCare" folder in "KJOMindCare" target */ = {
			isa = PBXFileSystemSynchronizedBuildFileExceptionSet;
			membershipExceptions = (
				Core/Base/.gitkeep,
				Core/Utlis/.gitkeep,
				Data/Repositories/.gitkeep,
				Domain/Entities/.gitkeep,
				Domain/UseCases/.gitkeep,
				Presentation/Modules/Auth/Coordinator/.gitkeep,
				Presentation/Modules/Home/Coordinator/.gitkeep,
				Presentation/Modules/Home/ViewModels/.gitkeep,
				Presentation/Modules/Home/Views/.gitkeep,
				Presentation/Modules/Moods/Coordinator/.gitkeep,
				Presentation/Modules/Moods/ViewModels/.gitkeep,
				Presentation/Modules/Moods/Views/.gitkeep,
				Presentation/Modules/Profile/Coordinator/.gitkeep,
				Presentation/Modules/Profile/ViewModels/.gitkeep,
				Presentation/Modules/Profile/Views/.gitkeep,
				Presentation/Theme/.gitkeep,
			);
			target = EA59C4802ECA643A00BA0496 /* KJOMindCare */;
		};
/* End PBXFileSystemSynchronizedBuildFileExceptionSet section */

/* Begin PBXFileSystemSynchronizedRootGroup section */
		EA59C4832ECA643A00BA0496 /* KJOMindCare */ = {
			isa = PBXFileSystemSynchronizedRootGroup;
			exceptions = (
				EA59C4F02ECA796E00BA0496 /* Exceptions for "KJOMindCare" folder in "KJOMindCare" target */,
			);
			path = KJOMindCare;
			sourceTree = "<group>";
		};
/* End PBXFileSystemSynchronizedRootGroup section */

/* Begin PBXFrameworksBuildPhase section */
		EA59C47E2ECA643A00BA0496 /* Frameworks */ = {
			isa = PBXFrameworksBuildPhase;
			buildActionMask = 2147483647;
			files = (
				B76F97472ED0C196003340D6 /* FirebaseCrashlytics in Frameworks */,
				B76F97492ED0C196003340D6 /* FirebaseFirestore in Frameworks */,
				B76F974B2ED0C196003340D6 /* FirebaseMessaging in Frameworks */,
				B76F97432ED0C196003340D6 /* FirebaseAnalytics in Frameworks */,
				B76F97452ED0C196003340D6 /* FirebaseAuth in Frameworks */,
				B76F974E2ED0C3D8003340D6 /* Swinject in Frameworks */,
			);
			runOnlyForDeploymentPostprocessing = 0;
		};
/* End PBXFrameworksBuildPhase section */

/* Begin PBXGroup section */
		EA59C4782ECA643A00BA0496 = {
			isa = PBXGroup;
			children = (
				EA59C4832ECA643A00BA0496 /* KJOMindCare */,
				EA59C4822ECA643A00BA0496 /* Products */,
			);
			sourceTree = "<group>";
		};
		EA59C4822ECA643A00BA0496 /* Products */ = {
			isa = PBXGroup;
			children = (
				EA59C4812ECA643A00BA0496 /* KJOMindCare.app */,
			);
			name = Products;
			sourceTree = "<group>";
		};
/* End PBXGroup section */

/* Begin PBXNativeTarget section */
		EA59C4802ECA643A00BA0496 /* KJOMindCare */ = {
			isa = PBXNativeTarget;
			buildConfigurationList = EA59C48F2ECA643D00BA0496 /* Build configuration list for PBXNativeTarget "KJOMindCare" */;
			buildPhases = (
				EA59C47D2ECA643A00BA0496 /* Sources */,
				EA59C47E2ECA643A00BA0496 /* Frameworks */,
				EA59C47F2ECA643A00BA0496 /* Resources */,
			);
			buildRules = (
			);
			dependencies = (
			);
			fileSystemSynchronizedGroups = (
				EA59C4832ECA643A00BA0496 /* KJOMindCare */,
			);
			name = KJOMindCare;
			packageProductDependencies = (
				B76F97422ED0C196003340D6 /* FirebaseAnalytics */,
				B76F97442ED0C196003340D6 /* FirebaseAuth */,
				B76F97462ED0C196003340D6 /* FirebaseCrashlytics */,
				B76F97482ED0C196003340D6 /* FirebaseFirestore */,
				B76F974A2ED0C196003340D6 /* FirebaseMessaging */,
				B76F974D2ED0C3D8003340D6 /* Swinject */,
			);
			productName = KJOMindCare;
			productReference = EA59C4812ECA643A00BA0496 /* KJOMindCare.app */;
			productType = "com.apple.product-type.application";
		};
/* End PBXNativeTarget section */

/* Begin PBXProject section */
		EA59C4792ECA643A00BA0496 /* Project object */ = {
			isa = PBXProject;
			attributes = {
				BuildIndependentTargetsInParallel = 1;
				LastSwiftUpdateCheck = 1620;
				LastUpgradeCheck = 1620;
				TargetAttributes = {
					EA59C4802ECA643A00BA0496 = {
						CreatedOnToolsVersion = 16.2;
					};
				};
			};
			buildConfigurationList = EA59C47C2ECA643A00BA0496 /* Build configuration list for PBXProject "KJOMindCare" */;
			developmentRegion = en;
			hasScannedForEncodings = 0;
			knownRegions = (
				en,
				Base,
			);
			mainGroup = EA59C4782ECA643A00BA0496;
			minimizedProjectReferenceProxies = 1;
			packageReferences = (
				B76F97412ED0C196003340D6 /* XCRemoteSwiftPackageReference "firebase-ios-sdk" */,
				B76F974C2ED0C3D8003340D6 /* XCRemoteSwiftPackageReference "Swinject" */,
			);
			preferredProjectObjectVersion = 77;
			productRefGroup = EA59C4822ECA643A00BA0496 /* Products */;
			projectDirPath = "";
			projectRoot = "";
			targets = (
				EA59C4802ECA643A00BA0496 /* KJOMindCare */,
			);
		};
/* End PBXProject section */

/* Begin PBXResourcesBuildPhase section */
		EA59C47F2ECA643A00BA0496 /* Resources */ = {
			isa = PBXResourcesBuildPhase;
			buildActionMask = 2147483647;
			files = (
			);
			runOnlyForDeploymentPostprocessing = 0;
		};
/* End PBXResourcesBuildPhase section */

/* Begin PBXSourcesBuildPhase section */
		EA59C47D2ECA643A00BA0496 /* Sources */ = {
			isa = PBXSourcesBuildPhase;
			buildActionMask = 2147483647;
			files = (
			);
			runOnlyForDeploymentPostprocessing = 0;
		};
/* End PBXSourcesBuildPhase section */

/* Begin XCBuildConfiguration section */
		EA59C48D2ECA643D00BA0496 /* Debug */ = {
			isa = XCBuildConfiguration;
			buildSettings = {
				ALWAYS_SEARCH_USER_PATHS = NO;
				ASSETCATALOG_COMPILER_GENERATE_SWIFT_ASSET_SYMBOL_EXTENSIONS = YES;
				CLANG_ANALYZER_NONNULL = YES;
				CLANG_ANALYZER_NUMBER_OBJECT_CONVERSION = YES_AGGRESSIVE;
				CLANG_CXX_LANGUAGE_STANDARD = "gnu++20";
				CLANG_ENABLE_MODULES = YES;
				CLANG_ENABLE_OBJC_ARC = YES;
				CLANG_ENABLE_OBJC_WEAK = YES;
				CLANG_WARN_BLOCK_CAPTURE_AUTORELEASING = YES;
				CLANG_WARN_BOOL_CONVERSION = YES;
				CLANG_WARN_COMMA = YES;
				CLANG_WARN_CONSTANT_CONVERSION = YES;
				CLANG_WARN_DEPRECATED_OBJC_IMPLEMENTATIONS = YES;
				CLANG_WARN_DIRECT_OBJC_ISA_USAGE = YES_ERROR;
				CLANG_WARN_DOCUMENTATION_COMMENTS = YES;
				CLANG_WARN_EMPTY_BODY = YES;
				CLANG_WARN_ENUM_CONVERSION = YES;
				CLANG_WARN_INFINITE_RECURSION = YES;
				CLANG_WARN_INT_CONVERSION = YES;
				CLANG_WARN_NON_LITERAL_NULL_CONVERSION = YES;
				CLANG_WARN_OBJC_IMPLICIT_RETAIN_SELF = YES;
				CLANG_WARN_OBJC_LITERAL_CONVERSION = YES;
				CLANG_WARN_OBJC_ROOT_CLASS = YES_ERROR;
				CLANG_WARN_QUOTED_INCLUDE_IN_FRAMEWORK_HEADER = YES;
				CLANG_WARN_RANGE_LOOP_ANALYSIS = YES;
				CLANG_WARN_STRICT_PROTOTYPES = YES;
				CLANG_WARN_SUSPICIOUS_MOVE = YES;
				CLANG_WARN_UNGUARDED_AVAILABILITY = YES_AGGRESSIVE;
				CLANG_WARN_UNREACHABLE_CODE = YES;
				CLANG_WARN__DUPLICATE_METHOD_MATCH = YES;
				COPY_PHASE_STRIP = NO;
				DEBUG_INFORMATION_FORMAT = dwarf;
				ENABLE_STRICT_OBJC_MSGSEND = YES;
				ENABLE_TESTABILITY = YES;
				ENABLE_USER_SCRIPT_SANDBOXING = YES;
				GCC_C_LANGUAGE_STANDARD = gnu17;
				GCC_DYNAMIC_NO_PIC = NO;
				GCC_NO_COMMON_BLOCKS = YES;
				GCC_OPTIMIZATION_LEVEL = 0;
				GCC_PREPROCESSOR_DEFINITIONS = (
					"DEBUG=1",
					"$(inherited)",
				);
				GCC_WARN_64_TO_32_BIT_CONVERSION = YES;
				GCC_WARN_ABOUT_RETURN_TYPE = YES_ERROR;
				GCC_WARN_UNDECLARED_SELECTOR = YES;
				GCC_WARN_UNINITIALIZED_AUTOS = YES_AGGRESSIVE;
				GCC_WARN_UNUSED_FUNCTION = YES;
				GCC_WARN_UNUSED_VARIABLE = YES;
				IPHONEOS_DEPLOYMENT_TARGET = 18.2;
				LOCALIZATION_PREFERS_STRING_CATALOGS = YES;
				MTL_ENABLE_DEBUG_INFO = INCLUDE_SOURCE;
				MTL_FAST_MATH = YES;
				ONLY_ACTIVE_ARCH = YES;
				SDKROOT = iphoneos;
				SWIFT_ACTIVE_COMPILATION_CONDITIONS = "DEBUG $(inherited)";
				SWIFT_OPTIMIZATION_LEVEL = "-Onone";
			};
			name = Debug;
		};
		EA59C48E2ECA643D00BA0496 /* Release */ = {
			isa = XCBuildConfiguration;
			buildSettings = {
				ALWAYS_SEARCH_USER_PATHS = NO;
				ASSETCATALOG_COMPILER_GENERATE_SWIFT_ASSET_SYMBOL_EXTENSIONS = YES;
				CLANG_ANALYZER_NONNULL = YES;
				CLANG_ANALYZER_NUMBER_OBJECT_CONVERSION = YES_AGGRESSIVE;
				CLANG_CXX_LANGUAGE_STANDARD = "gnu++20";
				CLANG_ENABLE_MODULES = YES;
				CLANG_ENABLE_OBJC_ARC = YES;
				CLANG_ENABLE_OBJC_WEAK = YES;
				CLANG_WARN_BLOCK_CAPTURE_AUTORELEASING = YES;
				CLANG_WARN_BOOL_CONVERSION = YES;
				CLANG_WARN_COMMA = YES;
				CLANG_WARN_CONSTANT_CONVERSION = YES;
				CLANG_WARN_DEPRECATED_OBJC_IMPLEMENTATIONS = YES;
				CLANG_WARN_DIRECT_OBJC_ISA_USAGE = YES_ERROR;
				CLANG_WARN_DOCUMENTATION_COMMENTS = YES;
				CLANG_WARN_EMPTY_BODY = YES;
				CLANG_WARN_ENUM_CONVERSION = YES;
				CLANG_WARN_INFINITE_RECURSION = YES;
				CLANG_WARN_INT_CONVERSION = YES;
				CLANG_WARN_NON_LITERAL_NULL_CONVERSION = YES;
				CLANG_WARN_OBJC_IMPLICIT_RETAIN_SELF = YES;
				CLANG_WARN_OBJC_LITERAL_CONVERSION = YES;
				CLANG_WARN_OBJC_ROOT_CLASS = YES_ERROR;
				CLANG_WARN_QUOTED_INCLUDE_IN_FRAMEWORK_HEADER = YES;
				CLANG_WARN_RANGE_LOOP_ANALYSIS = YES;
				CLANG_WARN_STRICT_PROTOTYPES = YES;
				CLANG_WARN_SUSPICIOUS_MOVE = YES;
				CLANG_WARN_UNGUARDED_AVAILABILITY = YES_AGGRESSIVE;
				CLANG_WARN_UNREACHABLE_CODE = YES;
				CLANG_WARN__DUPLICATE_METHOD_MATCH = YES;
				COPY_PHASE_STRIP = NO;
				DEBUG_INFORMATION_FORMAT = "dwarf-with-dsym";
				ENABLE_NS_ASSERTIONS = NO;
				ENABLE_STRICT_OBJC_MSGSEND = YES;
				ENABLE_USER_SCRIPT_SANDBOXING = YES;
				GCC_C_LANGUAGE_STANDARD = gnu17;
				GCC_NO_COMMON_BLOCKS = YES;
				GCC_WARN_64_TO_32_BIT_CONVERSION = YES;
				GCC_WARN_ABOUT_RETURN_TYPE = YES_ERROR;
				GCC_WARN_UNDECLARED_SELECTOR = YES;
				GCC_WARN_UNINITIALIZED_AUTOS = YES_AGGRESSIVE;
				GCC_WARN_UNUSED_FUNCTION = YES;
				GCC_WARN_UNUSED_VARIABLE = YES;
				IPHONEOS_DEPLOYMENT_TARGET = 18.2;
				LOCALIZATION_PREFERS_STRING_CATALOGS = YES;
				MTL_ENABLE_DEBUG_INFO = NO;
				MTL_FAST_MATH = YES;
				SDKROOT = iphoneos;
				SWIFT_COMPILATION_MODE = wholemodule;
				VALIDATE_PRODUCT = YES;
			};
			name = Release;
		};
		EA59C4902ECA643D00BA0496 /* Debug */ = {
			isa = XCBuildConfiguration;
			buildSettings = {
				ASSETCATALOG_COMPILER_APPICON_NAME = AppIcon;
				ASSETCATALOG_COMPILER_GLOBAL_ACCENT_COLOR_NAME = AccentColor;
				CODE_SIGN_STYLE = Automatic;
				CURRENT_PROJECT_VERSION = 1;
				DEVELOPMENT_ASSET_PATHS = "\"KJOMindCare/Preview Content\"";
				ENABLE_PREVIEWS = YES;
				GENERATE_INFOPLIST_FILE = YES;
				INFOPLIST_KEY_UIApplicationSceneManifest_Generation = YES;
				INFOPLIST_KEY_UIApplicationSupportsIndirectInputEvents = YES;
				INFOPLIST_KEY_UILaunchScreen_Generation = YES;
				INFOPLIST_KEY_UISupportedInterfaceOrientations_iPad = "UIInterfaceOrientationPortrait UIInterfaceOrientationPortraitUpsideDown UIInterfaceOrientationLandscapeLeft UIInterfaceOrientationLandscapeRight";
				INFOPLIST_KEY_UISupportedInterfaceOrientations_iPhone = "UIInterfaceOrientationPortrait UIInterfaceOrientationLandscapeLeft UIInterfaceOrientationLandscapeRight";
				LD_RUNPATH_SEARCH_PATHS = (
					"$(inherited)",
					"@executable_path/Frameworks",
				);
				MARKETING_VERSION = 1.0;
				PRODUCT_BUNDLE_IDENTIFIER = tech.kjo.KJOMindCare;
				PRODUCT_NAME = "$(TARGET_NAME)";
				SWIFT_EMIT_LOC_STRINGS = YES;
				SWIFT_VERSION = 5.0;
				TARGETED_DEVICE_FAMILY = "1,2";
			};
			name = Debug;
		};
		EA59C4912ECA643D00BA0496 /* Release */ = {
			isa = XCBuildConfiguration;
			buildSettings = {
				ASSETCATALOG_COMPILER_APPICON_NAME = AppIcon;
				ASSETCATALOG_COMPILER_GLOBAL_ACCENT_COLOR_NAME = AccentColor;
				CODE_SIGN_STYLE = Automatic;
				CURRENT_PROJECT_VERSION = 1;
				DEVELOPMENT_ASSET_PATHS = "\"KJOMindCare/Preview Content\"";
				ENABLE_PREVIEWS = YES;
				GENERATE_INFOPLIST_FILE = YES;
				INFOPLIST_KEY_UIApplicationSceneManifest_Generation = YES;
				INFOPLIST_KEY_UIApplicationSupportsIndirectInputEvents = YES;
				INFOPLIST_KEY_UILaunchScreen_Generation = YES;
				INFOPLIST_KEY_UISupportedInterfaceOrientations_iPad = "UIInterfaceOrientationPortrait UIInterfaceOrientationPortraitUpsideDown UIInterfaceOrientationLandscapeLeft UIInterfaceOrientationLandscapeRight";
				INFOPLIST_KEY_UISupportedInterfaceOrientations_iPhone = "UIInterfaceOrientationPortrait UIInterfaceOrientationLandscapeLeft UIInterfaceOrientationLandscapeRight";
				LD_RUNPATH_SEARCH_PATHS = (
					"$(inherited)",
					"@executable_path/Frameworks",
				);
				MARKETING_VERSION = 1.0;
				PRODUCT_BUNDLE_IDENTIFIER = tech.kjo.KJOMindCare;
				PRODUCT_NAME = "$(TARGET_NAME)";
				SWIFT_EMIT_LOC_STRINGS = YES;
				SWIFT_VERSION = 5.0;
				TARGETED_DEVICE_FAMILY = "1,2";
			};
			name = Release;
		};
/* End XCBuildConfiguration section */

/* Begin XCConfigurationList section */
		EA59C47C2ECA643A00BA0496 /* Build configuration list for PBXProject "KJOMindCare" */ = {
			isa = XCConfigurationList;
			buildConfigurations = (
				EA59C48D2ECA643D00BA0496 /* Debug */,
				EA59C48E2ECA643D00BA0496 /* Release */,
			);
			defaultConfigurationIsVisible = 0;
			defaultConfigurationName = Release;
		};
		EA59C48F2ECA643D00BA0496 /* Build configuration list for PBXNativeTarget "KJOMindCare" */ = {
			isa = XCConfigurationList;
			buildConfigurations = (
				EA59C4902ECA643D00BA0496 /* Debug */,
				EA59C4912ECA643D00BA0496 /* Release */,
			);
			defaultConfigurationIsVisible = 0;
			defaultConfigurationName = Release;
		};
/* End XCConfigurationList section */

/* Begin XCRemoteSwiftPackageReference section */
		B76F97412ED0C196003340D6 /* XCRemoteSwiftPackageReference "firebase-ios-sdk" */ = {
			isa = XCRemoteSwiftPackageReference;
			repositoryURL = "https://github.com/firebase/firebase-ios-sdk";
			requirement = {
				kind = upToNextMajorVersion;
				minimumVersion = 12.6.0;
			};
		};
		B76F974C2ED0C3D8003340D6 /* XCRemoteSwiftPackageReference "Swinject" */ = {
			isa = XCRemoteSwiftPackageReference;
			repositoryURL = "https://github.com/Swinject/Swinject";
			requirement = {
				kind = upToNextMajorVersion;
				minimumVersion = 2.10.0;
			};
		};
/* End XCRemoteSwiftPackageReference section */

/* Begin XCSwiftPackageProductDependency section */
		B76F97422ED0C196003340D6 /* FirebaseAnalytics */ = {
			isa = XCSwiftPackageProductDependency;
			package = B76F97412ED0C196003340D6 /* XCRemoteSwiftPackageReference "firebase-ios-sdk" */;
			productName = FirebaseAnalytics;
		};
		B76F97442ED0C196003340D6 /* FirebaseAuth */ = {
			isa = XCSwiftPackageProductDependency;
			package = B76F97412ED0C196003340D6 /* XCRemoteSwiftPackageReference "firebase-ios-sdk" */;
			productName = FirebaseAuth;
		};
		B76F97462ED0C196003340D6 /* FirebaseCrashlytics */ = {
			isa = XCSwiftPackageProductDependency;
			package = B76F97412ED0C196003340D6 /* XCRemoteSwiftPackageReference "firebase-ios-sdk" */;
			productName = FirebaseCrashlytics;
		};
		B76F97482ED0C196003340D6 /* FirebaseFirestore */ = {
			isa = XCSwiftPackageProductDependency;
			package = B76F97412ED0C196003340D6 /* XCRemoteSwiftPackageReference "firebase-ios-sdk" */;
			productName = FirebaseFirestore;
		};
		B76F974A2ED0C196003340D6 /* FirebaseMessaging */ = {
			isa = XCSwiftPackageProductDependency;
			package = B76F97412ED0C196003340D6 /* XCRemoteSwiftPackageReference "firebase-ios-sdk" */;
			productName = FirebaseMessaging;
		};
		B76F974D2ED0C3D8003340D6 /* Swinject */ = {
			isa = XCSwiftPackageProductDependency;
			package = B76F974C2ED0C3D8003340D6 /* XCRemoteSwiftPackageReference "Swinject" */;
			productName = Swinject;
		};
/* End XCSwiftPackageProductDependency section */
	};
	rootObject = EA59C4792ECA643A00BA0496 /* Project object */;
}
